
Microsoft Visual Studio Solution File, Format Version 12.00
# Visual Studio Version 17
VisualStudioVersion = 17.5.33530.505
MinimumVisualStudioVersion = 10.0.40219.1
Project("{FAE04EC0-301F-11D3-BF4B-00C04F79EFBC}") = "OtobusBiletPlatformUygulamasi", "OtobusBiletPlatformUygulamasi\OtobusBiletPlatformUygulamasi.csproj", "{8DEC1F77-A445-4948-A0DC-85AF8C1C343F}"
EndProject
Global
	GlobalSection(SolutionConfigurationPlatforms) = preSolution
		Debug|Any CPU = Debug|Any CPU
		Release|Any CPU = Release|Any CPU
	EndGlobalSection
	GlobalSection(ProjectConfigurationPlatforms) = postSolution
		{8DEC1F77-A445-4948-A0DC-85AF8C1C343F}.Debug|Any CPU.ActiveCfg = Debug|Any CPU
		{8DEC1F77-A445-4948-A0DC-85AF8C1C343F}.Debug|Any CPU.Build.0 = Debug|Any CPU
		{8DEC1F77-A445-4948-A0DC-85AF8C1C343F}.Release|Any CPU.ActiveCfg = Release|Any CPU
		{8DEC1F77-A445-4948-A0DC-85AF8C1C343F}.Release|Any CPU.Build.0 = Release|Any CPU
	EndGlobalSection
	GlobalSection(SolutionProperties) = preSolution
		HideSolutionNode = FALSE
	EndGlobalSection
	GlobalSection(ExtensibilityGlobals) = postSolution
		SolutionGuid = {595CAB67-EE96-4F2F-AC30-4AC7488A498E}
	EndGlobalSection
EndGlobal
